
Microsoft Visual Studio Solution File, Format Version 12.00
# Visual Studio Version 17
VisualStudioVersion = 17.3.32929.385
MinimumVisualStudioVersion = 10.0.40219.1
Project("{FAE04EC0-301F-11D3-BF4B-00C04F79EFBC}") = "FileObserverTask1", "FileObserverTask1\FileObserverTask1.csproj", "{6C3E29D1-C318-427D-9CD0-3185D7E2D796}"
EndProject
Project("{FAE04EC0-301F-11D3-BF4B-00C04F79EFBC}") = "FileObserverTask2", "FileObserverTask2\FileObserverTask2.csproj", "{EEA42B6C-5AD3-4998-9365-B67A4049DE31}"
EndProject
Project("{FAE04EC0-301F-11D3-BF4B-00C04F79EFBC}") = "FileObserverTask1Tests", "FileObserverTask1Tests\FileObserverTask1Tests.csproj", "{BCFB985D-5DC5-497E-A988-8FE719ECD41E}"
EndProject
Global
	GlobalSection(SolutionConfigurationPlatforms) = preSolution
		Debug|Any CPU = Debug|Any CPU
		Release|Any CPU = Release|Any CPU
	EndGlobalSection
	GlobalSection(ProjectConfigurationPlatforms) = postSolution
		{6C3E29D1-C318-427D-9CD0-3185D7E2D796}.Debug|Any CPU.ActiveCfg = Debug|Any CPU
		{6C3E29D1-C318-427D-9CD0-3185D7E2D796}.Debug|Any CPU.Build.0 = Debug|Any CPU
		{6C3E29D1-C318-427D-9CD0-3185D7E2D796}.Release|Any CPU.ActiveCfg = Release|Any CPU
		{6C3E29D1-C318-427D-9CD0-3185D7E2D796}.Release|Any CPU.Build.0 = Release|Any CPU
		{EEA42B6C-5AD3-4998-9365-B67A4049DE31}.Debug|Any CPU.ActiveCfg = Debug|Any CPU
		{EEA42B6C-5AD3-4998-9365-B67A4049DE31}.Debug|Any CPU.Build.0 = Debug|Any CPU
		{EEA42B6C-5AD3-4998-9365-B67A4049DE31}.Release|Any CPU.ActiveCfg = Release|Any CPU
		{EEA42B6C-5AD3-4998-9365-B67A4049DE31}.Release|Any CPU.Build.0 = Release|Any CPU
		{BCFB985D-5DC5-497E-A988-8FE719ECD41E}.Debug|Any CPU.ActiveCfg = Debug|Any CPU
		{BCFB985D-5DC5-497E-A988-8FE719ECD41E}.Debug|Any CPU.Build.0 = Debug|Any CPU
		{BCFB985D-5DC5-497E-A988-8FE719ECD41E}.Release|Any CPU.ActiveCfg = Release|Any CPU
		{BCFB985D-5DC5-497E-A988-8FE719ECD41E}.Release|Any CPU.Build.0 = Release|Any CPU
	EndGlobalSection
	GlobalSection(SolutionProperties) = preSolution
		HideSolutionNode = FALSE
	EndGlobalSection
	GlobalSection(ExtensibilityGlobals) = postSolution
		SolutionGuid = {F4161791-6DC9-41BC-88E7-CAB8CB57D778}
	EndGlobalSection
EndGlobal
